
Microsoft Visual Studio Solution File, Format Version 12.00
# Visual Studio Version 16
VisualStudioVersion = 16.0.29009.5
MinimumVisualStudioVersion = 10.0.40219.1
Project("{FAE04EC0-301F-11D3-BF4B-00C04F79EFBC}") = "ConsultarCEP.UWP", "ConsultarCEP\ConsultarCEP.UWP\ConsultarCEP.UWP.csproj", "{A8CC77D5-8811-47C9-8536-4EF4B64532D6}"
EndProject
Project("{FAE04EC0-301F-11D3-BF4B-00C04F79EFBC}") = "ConsultarCEP.Android", "ConsultarCEP\ConsultarCEP.Android\ConsultarCEP.Android.csproj", "{7A24199D-8EE4-4377-9785-912B3FC99417}"
EndProject
Project("{FAE04EC0-301F-11D3-BF4B-00C04F79EFBC}") = "ConsultarCEP.iOS", "ConsultarCEP\ConsultarCEP.iOS\ConsultarCEP.iOS.csproj", "{C6374A1A-2A1E-4E65-94B0-C5CC7DB5CACF}"
EndProject
Project("{9A19103F-16F7-4668-BE54-9A1E7A4F7556}") = "ConsultarCEP", "ConsultarCEP\ConsultarCEP\ConsultarCEP.csproj", "{2C1849C0-2AE6-45C9-A4E9-5FC20B538EA3}"
EndProject
Global
	GlobalSection(SolutionConfigurationPlatforms) = preSolution
		Debug|Any CPU = Debug|Any CPU
		Debug|ARM = Debug|ARM
		Debug|iPhone = Debug|iPhone
		Debug|iPhoneSimulator = Debug|iPhoneSimulator
		Debug|x64 = Debug|x64
		Debug|x86 = Debug|x86
		Release|Any CPU = Release|Any CPU
		Release|ARM = Release|ARM
		Release|iPhone = Release|iPhone
		Release|iPhoneSimulator = Release|iPhoneSimulator
		Release|x64 = Release|x64
		Release|x86 = Release|x86
	EndGlobalSection
	GlobalSection(ProjectConfigurationPlatforms) = postSolution
		{A8CC77D5-8811-47C9-8536-4EF4B64532D6}.Debug|Any CPU.ActiveCfg = Debug|x86
		{A8CC77D5-8811-47C9-8536-4EF4B64532D6}.Debug|Any CPU.Build.0 = Debug|x86
		{A8CC77D5-8811-47C9-8536-4EF4B64532D6}.Debug|Any CPU.Deploy.0 = Debug|x86
		{A8CC77D5-8811-47C9-8536-4EF4B64532D6}.Debug|ARM.ActiveCfg = Debug|ARM
		{A8CC77D5-8811-47C9-8536-4EF4B64532D6}.Debug|ARM.Build.0 = Debug|ARM
		{A8CC77D5-8811-47C9-8536-4EF4B64532D6}.Debug|ARM.Deploy.0 = Debug|ARM
		{A8CC77D5-8811-47C9-8536-4EF4B64532D6}.Debug|iPhone.ActiveCfg = Debug|x86
		{A8CC77D5-8811-47C9-8536-4EF4B64532D6}.Debug|iPhone.Build.0 = Debug|x86
		{A8CC77D5-8811-47C9-8536-4EF4B64532D6}.Debug|iPhone.Deploy.0 = Debug|x86
		{A8CC77D5-8811-47C9-8536-4EF4B64532D6}.Debug|iPhoneSimulator.ActiveCfg = Debug|x86
		{A8CC77D5-8811-47C9-8536-4EF4B64532D6}.Debug|iPhoneSimulator.Build.0 = Debug|x86
		{A8CC77D5-8811-47C9-8536-4EF4B64532D6}.Debug|iPhoneSimulator.Deploy.0 = Debug|x86
		{A8CC77D5-8811-47C9-8536-4EF4B64532D6}.Debug|x64.ActiveCfg = Debug|x64
		{A8CC77D5-8811-47C9-8536-4EF4B64532D6}.Debug|x64.Build.0 = Debug|x64
		{A8CC77D5-8811-47C9-8536-4EF4B64532D6}.Debug|x64.Deploy.0 = Debug|x64
		{A8CC77D5-8811-47C9-8536-4EF4B64532D6}.Debug|x86.ActiveCfg = Debug|x86
		{A8CC77D5-8811-47C9-8536-4EF4B64532D6}.Debug|x86.Build.0 = Debug|x86
		{A8CC77D5-8811-47C9-8536-4EF4B64532D6}.Debug|x86.Deploy.0 = Debug|x86
		{A8CC77D5-8811-47C9-8536-4EF4B64532D6}.Release|Any CPU.ActiveCfg = Release|x86
		{A8CC77D5-8811-47C9-8536-4EF4B64532D6}.Release|Any CPU.Build.0 = Release|x86
		{A8CC77D5-8811-47C9-8536-4EF4B64532D6}.Release|Any CPU.Deploy.0 = Release|x86
		{A8CC77D5-8811-47C9-8536-4EF4B64532D6}.Release|ARM.ActiveCfg = Release|ARM
		{A8CC77D5-8811-47C9-8536-4EF4B64532D6}.Release|ARM.Build.0 = Release|ARM
		{A8CC77D5-8811-47C9-8536-4EF4B64532D6}.Release|ARM.Deploy.0 = Release|ARM
		{A8CC77D5-8811-47C9-8536-4EF4B64532D6}.Release|iPhone.ActiveCfg = Release|x86
		{A8CC77D5-8811-47C9-8536-4EF4B64532D6}.Release|iPhone.Build.0 = Release|x86
		{A8CC77D5-8811-47C9-8536-4EF4B64532D6}.Release|iPhone.Deploy.0 = Release|x86
		{A8CC77D5-8811-47C9-8536-4EF4B64532D6}.Release|iPhoneSimulator.ActiveCfg = Release|x86
		{A8CC77D5-8811-47C9-8536-4EF4B64532D6}.Release|iPhoneSimulator.Build.0 = Release|x86
		{A8CC77D5-8811-47C9-8536-4EF4B64532D6}.Release|iPhoneSimulator.Deploy.0 = Release|x86
		{A8CC77D5-8811-47C9-8536-4EF4B64532D6}.Release|x64.ActiveCfg = Release|x64
		{A8CC77D5-8811-47C9-8536-4EF4B64532D6}.Release|x64.Build.0 = Release|x64
		{A8CC77D5-8811-47C9-8536-4EF4B64532D6}.Release|x64.Deploy.0 = Release|x64
		{A8CC77D5-8811-47C9-8536-4EF4B64532D6}.Release|x86.ActiveCfg = Release|x86
		{A8CC77D5-8811-47C9-8536-4EF4B64532D6}.Release|x86.Build.0 = Release|x86
		{A8CC77D5-8811-47C9-8536-4EF4B64532D6}.Release|x86.Deploy.0 = Release|x86
		{7A24199D-8EE4-4377-9785-912B3FC99417}.Debug|Any CPU.ActiveCfg = Debug|Any CPU
		{7A24199D-8EE4-4377-9785-912B3FC99417}.Debug|Any CPU.Build.0 = Debug|Any CPU
		{7A24199D-8EE4-4377-9785-912B3FC99417}.Debug|Any CPU.Deploy.0 = Debug|Any CPU
		{7A24199D-8EE4-4377-9785-912B3FC99417}.Debug|ARM.ActiveCfg = Debug|Any CPU
		{7A24199D-8EE4-4377-9785-912B3FC99417}.Debug|ARM.Build.0 = Debug|Any CPU
		{7A24199D-8EE4-4377-9785-912B3FC99417}.Debug|ARM.Deploy.0 = Debug|Any CPU
		{7A24199D-8EE4-4377-9785-912B3FC99417}.Debug|iPhone.ActiveCfg = Debug|Any CPU
		{7A24199D-8EE4-4377-9785-912B3FC99417}.Debug|iPhone.Build.0 = Debug|Any CPU
		{7A24199D-8EE4-4377-9785-912B3FC99417}.Debug|iPhone.Deploy.0 = Debug|Any CPU
		{7A24199D-8EE4-4377-9785-912B3FC99417}.Debug|iPhoneSimulator.ActiveCfg = Debug|Any CPU
		{7A24199D-8EE4-4377-9785-912B3FC99417}.Debug|iPhoneSimulator.Build.0 = Debug|Any CPU
		{7A24199D-8EE4-4377-9785-912B3FC99417}.Debug|iPhoneSimulator.Deploy.0 = Debug|Any CPU
		{7A24199D-8EE4-4377-9785-912B3FC99417}.Debug|x64.ActiveCfg = Debug|Any CPU
		{7A24199D-8EE4-4377-9785-912B3FC99417}.Debug|x64.Build.0 = Debug|Any CPU
		{7A24199D-8EE4-4377-9785-912B3FC99417}.Debug|x64.Deploy.0 = Debug|Any CPU
		{7A24199D-8EE4-4377-9785-912B3FC99417}.Debug|x86.ActiveCfg = Debug|Any CPU
		{7A24199D-8EE4-4377-9785-912B3FC99417}.Debug|x86.Build.0 = Debug|Any CPU
		{7A24199D-8EE4-4377-9785-912B3FC99417}.Debug|x86.Deploy.0 = Debug|Any CPU
		{7A24199D-8EE4-4377-9785-912B3FC99417}.Release|Any CPU.ActiveCfg = Release|Any CPU
		{7A24199D-8EE4-4377-9785-912B3FC99417}.Release|Any CPU.Build.0 = Release|Any CPU
		{7A24199D-8EE4-4377-9785-912B3FC99417}.Release|Any CPU.Deploy.0 = Release|Any CPU
		{7A24199D-8EE4-4377-9785-912B3FC99417}.Release|ARM.ActiveCfg = Release|Any CPU
		{7A24199D-8EE4-4377-9785-912B3FC99417}.Release|ARM.Build.0 = Release|Any CPU
		{7A24199D-8EE4-4377-9785-912B3FC99417}.Release|ARM.Deploy.0 = Release|Any CPU
		{7A24199D-8EE4-4377-9785-912B3FC99417}.Release|iPhone.ActiveCfg = Release|Any CPU
		{7A24199D-8EE4-4377-9785-912B3FC99417}.Release|iPhone.Build.0 = Release|Any CPU
		{7A24199D-8EE4-4377-9785-912B3FC99417}.Release|iPhone.Deploy.0 = Release|Any CPU
		{7A24199D-8EE4-4377-9785-912B3FC99417}.Release|iPhoneSimulator.ActiveCfg = Release|Any CPU
		{7A24199D-8EE4-4377-9785-912B3FC99417}.Release|iPhoneSimulator.Build.0 = Release|Any CPU
		{7A24199D-8EE4-4377-9785-912B3FC99417}.Release|iPhoneSimulator.Deploy.0 = Release|Any CPU
		{7A24199D-8EE4-4377-9785-912B3FC99417}.Release|x64.ActiveCfg = Release|Any CPU
		{7A24199D-8EE4-4377-9785-912B3FC99417}.Release|x64.Build.0 = Release|Any CPU
		{7A24199D-8EE4-4377-9785-912B3FC99417}.Release|x64.Deploy.0 = Release|Any CPU
		{7A24199D-8EE4-4377-9785-912B3FC99417}.Release|x86.ActiveCfg = Release|Any CPU
		{7A24199D-8EE4-4377-9785-912B3FC99417}.Release|x86.Build.0 = Release|Any CPU
		{7A24199D-8EE4-4377-9785-912B3FC99417}.Release|x86.Deploy.0 = Release|Any CPU
		{C6374A1A-2A1E-4E65-94B0-C5CC7DB5CACF}.Debug|Any CPU.ActiveCfg = Debug|iPhone
		{C6374A1A-2A1E-4E65-94B0-C5CC7DB5CACF}.Debug|Any CPU.Build.0 = Debug|iPhone
		{C6374A1A-2A1E-4E65-94B0-C5CC7DB5CACF}.Debug|Any CPU.Deploy.0 = Debug|iPhone
		{C6374A1A-2A1E-4E65-94B0-C5CC7DB5CACF}.Debug|ARM.ActiveCfg = Debug|iPhoneSimulator
		{C6374A1A-2A1E-4E65-94B0-C5CC7DB5CACF}.Debug|ARM.Build.0 = Debug|iPhoneSimulator
		{C6374A1A-2A1E-4E65-94B0-C5CC7DB5CACF}.Debug|ARM.Deploy.0 = Debug|iPhoneSimulator
		{C6374A1A-2A1E-4E65-94B0-C5CC7DB5CACF}.Debug|iPhone.ActiveCfg = Debug|iPhone
		{C6374A1A-2A1E-4E65-94B0-C5CC7DB5CACF}.Debug|iPhone.Build.0 = Debug|iPhone
		{C6374A1A-2A1E-4E65-94B0-C5CC7DB5CACF}.Debug|iPhone.Deploy.0 = Debug|iPhone
		{C6374A1A-2A1E-4E65-94B0-C5CC7DB5CACF}.Debug|iPhoneSimulator.ActiveCfg = Debug|iPhoneSimulator
		{C6374A1A-2A1E-4E65-94B0-C5CC7DB5CACF}.Debug|iPhoneSimulator.Build.0 = Debug|iPhoneSimulator
		{C6374A1A-2A1E-4E65-94B0-C5CC7DB5CACF}.Debug|iPhoneSimulator.Deploy.0 = Debug|iPhoneSimulator
		{C6374A1A-2A1E-4E65-94B0-C5CC7DB5CACF}.Debug|x64.ActiveCfg = Debug|iPhone
		{C6374A1A-2A1E-4E65-94B0-C5CC7DB5CACF}.Debug|x64.Build.0 = Debug|iPhone
		{C6374A1A-2A1E-4E65-94B0-C5CC7DB5CACF}.Debug|x64.Deploy.0 = Debug|iPhone
		{C6374A1A-2A1E-4E65-94B0-C5CC7DB5CACF}.Debug|x86.ActiveCfg = Debug|iPhone
		{C6374A1A-2A1E-4E65-94B0-C5CC7DB5CACF}.Debug|x86.Build.0 = Debug|iPhone
		{C6374A1A-2A1E-4E65-94B0-C5CC7DB5CACF}.Debug|x86.Deploy.0 = Debug|iPhone
		{C6374A1A-2A1E-4E65-94B0-C5CC7DB5CACF}.Release|Any CPU.ActiveCfg = Release|iPhone
		{C6374A1A-2A1E-4E65-94B0-C5CC7DB5CACF}.Release|Any CPU.Build.0 = Release|iPhone
		{C6374A1A-2A1E-4E65-94B0-C5CC7DB5CACF}.Release|Any CPU.Deploy.0 = Release|iPhone
		{C6374A1A-2A1E-4E65-94B0-C5CC7DB5CACF}.Release|ARM.ActiveCfg = Release|iPhone
		{C6374A1A-2A1E-4E65-94B0-C5CC7DB5CACF}.Release|ARM.Build.0 = Release|iPhone
		{C6374A1A-2A1E-4E65-94B0-C5CC7DB5CACF}.Release|ARM.Deploy.0 = Release|iPhone
		{C6374A1A-2A1E-4E65-94B0-C5CC7DB5CACF}.Release|iPhone.ActiveCfg = Release|iPhone
		{C6374A1A-2A1E-4E65-94B0-C5CC7DB5CACF}.Release|iPhone.Build.0 = Release|iPhone
		{C6374A1A-2A1E-4E65-94B0-C5CC7DB5CACF}.Release|iPhone.Deploy.0 = Release|iPhone
		{C6374A1A-2A1E-4E65-94B0-C5CC7DB5CACF}.Release|iPhoneSimulator.ActiveCfg = Release|iPhoneSimulator
		{C6374A1A-2A1E-4E65-94B0-C5CC7DB5CACF}.Release|iPhoneSimulator.Build.0 = Release|iPhoneSimulator
		{C6374A1A-2A1E-4E65-94B0-C5CC7DB5CACF}.Release|iPhoneSimulator.Deploy.0 = Release|iPhoneSimulator
		{C6374A1A-2A1E-4E65-94B0-C5CC7DB5CACF}.Release|x64.ActiveCfg = Release|iPhone
		{C6374A1A-2A1E-4E65-94B0-C5CC7DB5CACF}.Release|x64.Build.0 = Release|iPhone
		{C6374A1A-2A1E-4E65-94B0-C5CC7DB5CACF}.Release|x64.Deploy.0 = Release|iPhone
		{C6374A1A-2A1E-4E65-94B0-C5CC7DB5CACF}.Release|x86.ActiveCfg = Release|iPhone
		{C6374A1A-2A1E-4E65-94B0-C5CC7DB5CACF}.Release|x86.Build.0 = Release|iPhone
		{C6374A1A-2A1E-4E65-94B0-C5CC7DB5CACF}.Release|x86.Deploy.0 = Release|iPhone
		{2C1849C0-2AE6-45C9-A4E9-5FC20B538EA3}.Debug|Any CPU.ActiveCfg = Debug|Any CPU
		{2C1849C0-2AE6-45C9-A4E9-5FC20B538EA3}.Debug|Any CPU.Build.0 = Debug|Any CPU
		{2C1849C0-2AE6-45C9-A4E9-5FC20B538EA3}.Debug|Any CPU.Deploy.0 = Debug|Any CPU
		{2C1849C0-2AE6-45C9-A4E9-5FC20B538EA3}.Debug|ARM.ActiveCfg = Debug|Any CPU
		{2C1849C0-2AE6-45C9-A4E9-5FC20B538EA3}.Debug|ARM.Build.0 = Debug|Any CPU
		{2C1849C0-2AE6-45C9-A4E9-5FC20B538EA3}.Debug|ARM.Deploy.0 = Debug|Any CPU
		{2C1849C0-2AE6-45C9-A4E9-5FC20B538EA3}.Debug|iPhone.ActiveCfg = Debug|Any CPU
		{2C1849C0-2AE6-45C9-A4E9-5FC20B538EA3}.Debug|iPhone.Build.0 = Debug|Any CPU
		{2C1849C0-2AE6-45C9-A4E9-5FC20B538EA3}.Debug|iPhone.Deploy.0 = Debug|Any CPU
		{2C1849C0-2AE6-45C9-A4E9-5FC20B538EA3}.Debug|iPhoneSimulator.ActiveCfg = Debug|Any CPU
		{2C1849C0-2AE6-45C9-A4E9-5FC20B538EA3}.Debug|iPhoneSimulator.Build.0 = Debug|Any CPU
		{2C1849C0-2AE6-45C9-A4E9-5FC20B538EA3}.Debug|iPhoneSimulator.Deploy.0 = Debug|Any CPU
		{2C1849C0-2AE6-45C9-A4E9-5FC20B538EA3}.Debug|x64.ActiveCfg = Debug|Any CPU
		{2C1849C0-2AE6-45C9-A4E9-5FC20B538EA3}.Debug|x64.Build.0 = Debug|Any CPU
		{2C1849C0-2AE6-45C9-A4E9-5FC20B538EA3}.Debug|x64.Deploy.0 = Debug|Any CPU
		{2C1849C0-2AE6-45C9-A4E9-5FC20B538EA3}.Debug|x86.ActiveCfg = Debug|Any CPU
		{2C1849C0-2AE6-45C9-A4E9-5FC20B538EA3}.Debug|x86.Build.0 = Debug|Any CPU
		{2C1849C0-2AE6-45C9-A4E9-5FC20B538EA3}.Debug|x86.Deploy.0 = Debug|Any CPU
		{2C1849C0-2AE6-45C9-A4E9-5FC20B538EA3}.Release|Any CPU.ActiveCfg = Release|Any CPU
		{2C1849C0-2AE6-45C9-A4E9-5FC20B538EA3}.Release|Any CPU.Build.0 = Release|Any CPU
		{2C1849C0-2AE6-45C9-A4E9-5FC20B538EA3}.Release|Any CPU.Deploy.0 = Release|Any CPU
		{2C1849C0-2AE6-45C9-A4E9-5FC20B538EA3}.Release|ARM.ActiveCfg = Release|Any CPU
		{2C1849C0-2AE6-45C9-A4E9-5FC20B538EA3}.Release|ARM.Build.0 = Release|Any CPU
		{2C1849C0-2AE6-45C9-A4E9-5FC20B538EA3}.Release|ARM.Deploy.0 = Release|Any CPU
		{2C1849C0-2AE6-45C9-A4E9-5FC20B538EA3}.Release|iPhone.ActiveCfg = Release|Any CPU
		{2C1849C0-2AE6-45C9-A4E9-5FC20B538EA3}.Release|iPhone.Build.0 = Release|Any CPU
		{2C1849C0-2AE6-45C9-A4E9-5FC20B538EA3}.Release|iPhone.Deploy.0 = Release|Any CPU
		{2C1849C0-2AE6-45C9-A4E9-5FC20B538EA3}.Release|iPhoneSimulator.ActiveCfg = Release|Any CPU
		{2C1849C0-2AE6-45C9-A4E9-5FC20B538EA3}.Release|iPhoneSimulator.Build.0 = Release|Any CPU
		{2C1849C0-2AE6-45C9-A4E9-5FC20B538EA3}.Release|iPhoneSimulator.Deploy.0 = Release|Any CPU
		{2C1849C0-2AE6-45C9-A4E9-5FC20B538EA3}.Release|x64.ActiveCfg = Release|Any CPU
		{2C1849C0-2AE6-45C9-A4E9-5FC20B538EA3}.Release|x64.Build.0 = Release|Any CPU
		{2C1849C0-2AE6-45C9-A4E9-5FC20B538EA3}.Release|x64.Deploy.0 = Release|Any CPU
		{2C1849C0-2AE6-45C9-A4E9-5FC20B538EA3}.Release|x86.ActiveCfg = Release|Any CPU
		{2C1849C0-2AE6-45C9-A4E9-5FC20B538EA3}.Release|x86.Build.0 = Release|Any CPU
		{2C1849C0-2AE6-45C9-A4E9-5FC20B538EA3}.Release|x86.Deploy.0 = Release|Any CPU
	EndGlobalSection
	GlobalSection(SolutionProperties) = preSolution
		HideSolutionNode = FALSE
	EndGlobalSection
	GlobalSection(ExtensibilityGlobals) = postSolution
		SolutionGuid = {50748B7B-E79F-472F-9A3D-6F6E1162E0AE}
	EndGlobalSection
EndGlobal
